// !$*UTF8*$!
{
	archiveVersion = 1;
	classes = {
	};
	objectVersion = 50;
	objects = {

/* Begin PBXFileReference section */
		A754594B20941F2A006DC7A4 /* CFUUID.h */ = {isa = PBXFileReference; fileEncoding = 4; lastKnownFileType = sourcecode.c.h; path = CFUUID.h; sourceTree = "<group>"; };
		A754594C20941F2A006DC7A4 /* CFUniCharPriv.h */ = {isa = PBXFileReference; fileEncoding = 4; lastKnownFileType = sourcecode.c.h; path = CFUniCharPriv.h; sourceTree = "<group>"; };
		A754594D20941F2A006DC7A4 /* CFBundle.h */ = {isa = PBXFileReference; fileEncoding = 4; lastKnownFileType = sourcecode.c.h; path = CFBundle.h; sourceTree = "<group>"; };
		A754594E20941F2A006DC7A4 /* CFBigNumber.h */ = {isa = PBXFileReference; fileEncoding = 4; lastKnownFileType = sourcecode.c.h; path = CFBigNumber.h; sourceTree = "<group>"; };
		A754594F20941F2A006DC7A4 /* CFXMLInputStream.h */ = {isa = PBXFileReference; fileEncoding = 4; lastKnownFileType = sourcecode.c.h; path = CFXMLInputStream.h; sourceTree = "<group>"; };
		A754595020941F2A006DC7A4 /* CFNumber.c */ = {isa = PBXFileReference; fileEncoding = 4; lastKnownFileType = sourcecode.c.c; path = CFNumber.c; sourceTree = "<group>"; };
		A754595120941F2A006DC7A4 /* CFError.c */ = {isa = PBXFileReference; fileEncoding = 4; lastKnownFileType = sourcecode.c.c; path = CFError.c; sourceTree = "<group>"; };
		A754595220941F2A006DC7A4 /* CFBundle_Internal.h */ = {isa = PBXFileReference; fileEncoding = 4; lastKnownFileType = sourcecode.c.h; path = CFBundle_Internal.h; sourceTree = "<group>"; };
		A754595320941F2A006DC7A4 /* CFURL.inc.h */ = {isa = PBXFileReference; fileEncoding = 4; lastKnownFileType = sourcecode.c.h; path = CFURL.inc.h; sourceTree = "<group>"; };
		A754595420941F2A006DC7A4 /* CFPropertyList.c */ = {isa = PBXFileReference; fileEncoding = 4; lastKnownFileType = sourcecode.c.c; path = CFPropertyList.c; sourceTree = "<group>"; };
		A754595520941F2A006DC7A4 /* CFBag.h */ = {isa = PBXFileReference; fileEncoding = 4; lastKnownFileType = sourcecode.c.h; path = CFBag.h; sourceTree = "<group>"; };
		A754595620941F2A006DC7A4 /* CFStringEncodingConverterPriv.h */ = {isa = PBXFileReference; fileEncoding = 4; lastKnownFileType = sourcecode.c.h; path = CFStringEncodingConverterPriv.h; sourceTree = "<group>"; };
		A754595720941F2A006DC7A4 /* CFRuntime.h */ = {isa = PBXFileReference; fileEncoding = 4; lastKnownFileType = sourcecode.c.h; path = CFRuntime.h; sourceTree = "<group>"; };
		A754595820941F2A006DC7A4 /* CFPreferences.h */ = {isa = PBXFileReference; fileEncoding = 4; lastKnownFileType = sourcecode.c.h; path = CFPreferences.h; sourceTree = "<group>"; };
		A754595920941F2A006DC7A4 /* CFConcreteStreams.c */ = {isa = PBXFileReference; fileEncoding = 4; lastKnownFileType = sourcecode.c.c; path = CFConcreteStreams.c; sourceTree = "<group>"; };
		A754595A20941F2A006DC7A4 /* CoreFoundation_Prefix.h */ = {isa = PBXFileReference; fileEncoding = 4; lastKnownFileType = sourcecode.c.h; path = CoreFoundation_Prefix.h; sourceTree = "<group>"; };
		A754595B20941F2A006DC7A4 /* CFAvailability.h */ = {isa = PBXFileReference; fileEncoding = 4; lastKnownFileType = sourcecode.c.h; path = CFAvailability.h; sourceTree = "<group>"; };
		A754595C20941F2A006DC7A4 /* SymbolAliases */ = {isa = PBXFileReference; fileEncoding = 4; lastKnownFileType = text; path = SymbolAliases; sourceTree = "<group>"; };
		A754595D20941F2A006DC7A4 /* CFUserNotification.h */ = {isa = PBXFileReference; fileEncoding = 4; lastKnownFileType = sourcecode.c.h; path = CFUserNotification.h; sourceTree = "<group>"; };
		A754595E20941F2A006DC7A4 /* CFTimeZone.c */ = {isa = PBXFileReference; fileEncoding = 4; lastKnownFileType = sourcecode.c.c; path = CFTimeZone.c; sourceTree = "<group>"; };
		A754595F20941F2A006DC7A4 /* CFVersion.c */ = {isa = PBXFileReference; fileEncoding = 4; lastKnownFileType = sourcecode.c.c; path = CFVersion.c; sourceTree = "<group>"; };
		A754596020941F2A006DC7A4 /* ForFoundationOnly.h */ = {isa = PBXFileReference; fileEncoding = 4; lastKnownFileType = sourcecode.c.h; path = ForFoundationOnly.h; sourceTree = "<group>"; };
		A754596120941F2A006DC7A4 /* CFBinaryPList.c */ = {isa = PBXFileReference; fileEncoding = 4; lastKnownFileType = sourcecode.c.c; path = CFBinaryPList.c; sourceTree = "<group>"; };
		A754596220941F2A006DC7A4 /* CFXMLNode.h */ = {isa = PBXFileReference; fileEncoding = 4; lastKnownFileType = sourcecode.c.h; path = CFXMLNode.h; sourceTree = "<group>"; };
		A754596320941F2A006DC7A4 /* CFBundle_Resources.c */ = {isa = PBXFileReference; fileEncoding = 4; lastKnownFileType = sourcecode.c.c; path = CFBundle_Resources.c; sourceTree = "<group>"; };
		A754596420941F2A006DC7A4 /* CFStreamAbstract.h */ = {isa = PBXFileReference; fileEncoding = 4; lastKnownFileType = sourcecode.c.h; path = CFStreamAbstract.h; sourceTree = "<group>"; };
		A754596520941F2A006DC7A4 /* CFString.c */ = {isa = PBXFileReference; fileEncoding = 4; lastKnownFileType = sourcecode.c.c; path = CFString.c; sourceTree = "<group>"; };
		A754596620941F2A006DC7A4 /* CFBasicHash.c */ = {isa = PBXFileReference; fileEncoding = 4; lastKnownFileType = sourcecode.c.c; path = CFBasicHash.c; sourceTree = "<group>"; };
		A754596720941F2A006DC7A4 /* CFArray.h */ = {isa = PBXFileReference; fileEncoding = 4; lastKnownFileType = sourcecode.c.h; path = CFArray.h; sourceTree = "<group>"; };
		A754596820941F2A006DC7A4 /* CFBundle_InfoPlist.c */ = {isa = PBXFileReference; fileEncoding = 4; lastKnownFileType = sourcecode.c.c; path = CFBundle_InfoPlist.c; sourceTree = "<group>"; };
		A754596920941F2A006DC7A4 /* CFXMLParser.c */ = {isa = PBXFileReference; fileEncoding = 4; lastKnownFileType = sourcecode.c.c; path = CFXMLParser.c; sourceTree = "<group>"; };
		A754596A20941F2A006DC7A4 /* CFBitVector.c */ = {isa = PBXFileReference; fileEncoding = 4; lastKnownFileType = sourcecode.c.c; path = CFBitVector.c; sourceTree = "<group>"; };
		A754596B20941F2A006DC7A4 /* CFStream.h */ = {isa = PBXFileReference; fileEncoding = 4; lastKnownFileType = sourcecode.c.h; path = CFStream.h; sourceTree = "<group>"; };
		A754596C20941F2A006DC7A4 /* CFRunLoop.c */ = {isa = PBXFileReference; fileEncoding = 4; lastKnownFileType = sourcecode.c.c; path = CFRunLoop.c; sourceTree = "<group>"; };
		A754596D20941F2A006DC7A4 /* CoreFoundation.h */ = {isa = PBXFileReference; fileEncoding = 4; lastKnownFileType = sourcecode.c.h; path = CoreFoundation.h; sourceTree = "<group>"; };
		A754596E20941F2A006DC7A4 /* CFBundle_BinaryTypes.h */ = {isa = PBXFileReference; fileEncoding = 4; lastKnownFileType = sourcecode.c.h; path = CFBundle_BinaryTypes.h; sourceTree = "<group>"; };
		A754596F20941F2A006DC7A4 /* CFSocket.c */ = {isa = PBXFileReference; fileEncoding = 4; lastKnownFileType = sourcecode.c.c; path = CFSocket.c; sourceTree = "<group>"; };
		A754597020941F2A006DC7A4 /* CFDictionary.h */ = {isa = PBXFileReference; fileEncoding = 4; lastKnownFileType = sourcecode.c.h; path = CFDictionary.h; sourceTree = "<group>"; };
		A754597120941F2A006DC7A4 /* APPLE_LICENSE */ = {isa = PBXFileReference; fileEncoding = 4; lastKnownFileType = text; path = APPLE_LICENSE; sourceTree = "<group>"; };
		A754597220941F2A006DC7A4 /* CFURL.c */ = {isa = PBXFileReference; fileEncoding = 4; lastKnownFileType = sourcecode.c.c; path = CFURL.c; sourceTree = "<group>"; };
		A754597320941F2A006DC7A4 /* CFApplicationPreferences.c */ = {isa = PBXFileReference; fileEncoding = 4; lastKnownFileType = sourcecode.c.c; path = CFApplicationPreferences.c; sourceTree = "<group>"; };
		A754597420941F2A006DC7A4 /* CFCharacterSet.h */ = {isa = PBXFileReference; fileEncoding = 4; lastKnownFileType = sourcecode.c.h; path = CFCharacterSet.h; sourceTree = "<group>"; };
		A754597520941F2A006DC7A4 /* CFBasicHashFindBucket.m */ = {isa = PBXFileReference; fileEncoding = 4; lastKnownFileType = sourcecode.c.objc; path = CFBasicHashFindBucket.m; sourceTree = "<group>"; };
		A754597620941F2A006DC7A4 /* CFStorage.h */ = {isa = PBXFileReference; fileEncoding = 4; lastKnownFileType = sourcecode.c.h; path = CFStorage.h; sourceTree = "<group>"; };
		A754597720941F2A006DC7A4 /* CFStringEncodingDatabase.c */ = {isa = PBXFileReference; fileEncoding = 4; lastKnownFileType = sourcecode.c.c; path = CFStringEncodingDatabase.c; sourceTree = "<group>"; };
		A754597820941F2A006DC7A4 /* CFSystemDirectories.c */ = {isa = PBXFileReference; fileEncoding = 4; lastKnownFileType = sourcecode.c.c; path = CFSystemDirectories.c; sourceTree = "<group>"; };
		A754597920941F2A006DC7A4 /* CFUnicodeData-B.mapping */ = {isa = PBXFileReference; lastKnownFileType = file; path = "CFUnicodeData-B.mapping"; sourceTree = "<group>"; };
		A754597A20941F2A006DC7A4 /* CFCalendar.c */ = {isa = PBXFileReference; fileEncoding = 4; lastKnownFileType = sourcecode.c.c; path = CFCalendar.c; sourceTree = "<group>"; };
		A754597B20941F2A006DC7A4 /* CFOldStylePList.c */ = {isa = PBXFileReference; fileEncoding = 4; lastKnownFileType = sourcecode.c.c; path = CFOldStylePList.c; sourceTree = "<group>"; };
		A754597C20941F2A006DC7A4 /* Makefile */ = {isa = PBXFileReference; fileEncoding = 4; lastKnownFileType = sourcecode.make; path = Makefile; sourceTree = "<group>"; };
		A754597D20941F2A006DC7A4 /* CFDateFormatter.h */ = {isa = PBXFileReference; fileEncoding = 4; lastKnownFileType = sourcecode.c.h; path = CFDateFormatter.h; sourceTree = "<group>"; };
		A754597E20941F2A006DC7A4 /* CFPlugIn_Factory.h */ = {isa = PBXFileReference; fileEncoding = 4; lastKnownFileType = sourcecode.c.h; path = CFPlugIn_Factory.h; sourceTree = "<group>"; };
		A754597F20941F2A006DC7A4 /* CFICUConverters.c */ = {isa = PBXFileReference; fileEncoding = 4; lastKnownFileType = sourcecode.c.c; path = CFICUConverters.c; sourceTree = "<group>"; };
		A754598020941F2A006DC7A4 /* CFSet.c */ = {isa = PBXFileReference; fileEncoding = 4; lastKnownFileType = sourcecode.c.c; path = CFSet.c; sourceTree = "<group>"; };
		A754598120941F2A006DC7A4 /* CFBase.c */ = {isa = PBXFileReference; fileEncoding = 4; lastKnownFileType = sourcecode.c.c; path = CFBase.c; sourceTree = "<group>"; };
		A754598220941F2A006DC7A4 /* CFTree.h */ = {isa = PBXFileReference; fileEncoding = 4; lastKnownFileType = sourcecode.c.h; path = CFTree.h; sourceTree = "<group>"; };
		A754598320941F2A006DC7A4 /* CFSortFunctions.c */ = {isa = PBXFileReference; fileEncoding = 4; lastKnownFileType = sourcecode.c.c; path = CFSortFunctions.c; sourceTree = "<group>"; };
		A754598420941F2A006DC7A4 /* CFBinaryHeap.c */ = {isa = PBXFileReference; fileEncoding = 4; lastKnownFileType = sourcecode.c.c; path = CFBinaryHeap.c; sourceTree = "<group>"; };
		A754598520941F2A006DC7A4 /* CFMessagePort.h */ = {isa = PBXFileReference; fileEncoding = 4; lastKnownFileType = sourcecode.c.h; path = CFMessagePort.h; sourceTree = "<group>"; };
		A754598620941F2A006DC7A4 /* CFUtilities.c */ = {isa = PBXFileReference; fileEncoding = 4; lastKnownFileType = sourcecode.c.c; path = CFUtilities.c; sourceTree = "<group>"; };
		A754598720941F2A006DC7A4 /* MakefileVersion */ = {isa = PBXFileReference; fileEncoding = 4; lastKnownFileType = text; path = MakefileVersion; sourceTree = "<group>"; };
		A754598820941F2A006DC7A4 /* CFUnicodePrecomposition.h */ = {isa = PBXFileReference; fileEncoding = 4; lastKnownFileType = sourcecode.c.h; path = CFUnicodePrecomposition.h; sourceTree = "<group>"; };
		A754598920941F2A006DC7A4 /* CFMachPort.h */ = {isa = PBXFileReference; fileEncoding = 4; lastKnownFileType = sourcecode.c.h; path = CFMachPort.h; sourceTree = "<group>"; };
		A754598A20941F2A006DC7A4 /* CFICULogging.h */ = {isa = PBXFileReference; fileEncoding = 4; lastKnownFileType = sourcecode.c.h; path = CFICULogging.h; sourceTree = "<group>"; };
		A754598B20941F2A006DC7A4 /* CFPlugInCOM.h */ = {isa = PBXFileReference; fileEncoding = 4; lastKnownFileType = sourcecode.c.h; path = CFPlugInCOM.h; sourceTree = "<group>"; };
		A754598C20941F2A006DC7A4 /* CFPlugIn.h */ = {isa = PBXFileReference; fileEncoding = 4; lastKnownFileType = sourcecode.c.h; path = CFPlugIn.h; sourceTree = "<group>"; };
		A754598D20941F2A006DC7A4 /* CFFileUtilities.c */ = {isa = PBXFileReference; fileEncoding = 4; lastKnownFileType = sourcecode.c.c; path = CFFileUtilities.c; sourceTree = "<group>"; };
		A754598E20941F2A006DC7A4 /* CFBundle_Locale.c */ = {isa = PBXFileReference; fileEncoding = 4; lastKnownFileType = sourcecode.c.c; path = CFBundle_Locale.c; sourceTree = "<group>"; };
		A754598F20941F2A006DC7A4 /* CFLocaleKeys.c */ = {isa = PBXFileReference; fileEncoding = 4; lastKnownFileType = sourcecode.c.c; path = CFLocaleKeys.c; sourceTree = "<group>"; };
		A754599020941F2A006DC7A4 /* CFUnicodeDecomposition.h */ = {isa = PBXFileReference; fileEncoding = 4; lastKnownFileType = sourcecode.c.h; path = CFUnicodeDecomposition.h; sourceTree = "<group>"; };
		A754599120941F2A006DC7A4 /* CFDate.h */ = {isa = PBXFileReference; fileEncoding = 4; lastKnownFileType = sourcecode.c.h; path = CFDate.h; sourceTree = "<group>"; };
		A754599220941F2A006DC7A4 /* CFBundle_Strings.c */ = {isa = PBXFileReference; fileEncoding = 4; lastKnownFileType = sourcecode.c.c; path = CFBundle_Strings.c; sourceTree = "<group>"; };
		A754599320941F2A006DC7A4 /* CFBurstTrie.h */ = {isa = PBXFileReference; fileEncoding = 4; lastKnownFileType = sourcecode.c.h; path = CFBurstTrie.h; sourceTree = "<group>"; };
		A754599420941F2A006DC7A4 /* CFStringEncodingConverter.h */ = {isa = PBXFileReference; fileEncoding = 4; lastKnownFileType = sourcecode.c.h; path = CFStringEncodingConverter.h; sourceTree = "<group>"; };
		A754599520941F2A006DC7A4 /* CFStreamInternal.h */ = {isa = PBXFileReference; fileEncoding = 4; lastKnownFileType = sourcecode.c.h; path = CFStreamInternal.h; sourceTree = "<group>"; };
		A754599620941F2A006DC7A4 /* CFStringEncodingConverterExt.h */ = {isa = PBXFileReference; fileEncoding = 4; lastKnownFileType = sourcecode.c.h; path = CFStringEncodingConverterExt.h; sourceTree = "<group>"; };
		A754599720941F2A006DC7A4 /* CFLocale.h */ = {isa = PBXFileReference; fileEncoding = 4; lastKnownFileType = sourcecode.c.h; path = CFLocale.h; sourceTree = "<group>"; };
		A754599820941F2A006DC7A4 /* CFData.h */ = {isa = PBXFileReference; fileEncoding = 4; lastKnownFileType = sourcecode.c.h; path = CFData.h; sourceTree = "<group>"; };
		A754599920941F2A006DC7A4 /* CFUniChar.c */ = {isa = PBXFileReference; fileEncoding = 4; lastKnownFileType = sourcecode.c.c; path = CFUniChar.c; sourceTree = "<group>"; };
		A754599A20941F2A006DC7A4 /* CFNumberFormatter.h */ = {isa = PBXFileReference; fileEncoding = 4; lastKnownFileType = sourcecode.c.h; path = CFNumberFormatter.h; sourceTree = "<group>"; };
		A754599B20941F2A006DC7A4 /* CFURLAccess.h */ = {isa = PBXFileReference; fileEncoding = 4; lastKnownFileType = sourcecode.c.h; path = CFURLAccess.h; sourceTree = "<group>"; };
		A754599C20941F2A006DC7A4 /* CFLocaleInternal.h */ = {isa = PBXFileReference; fileEncoding = 4; lastKnownFileType = sourcecode.c.h; path = CFLocaleInternal.h; sourceTree = "<group>"; };
		A754599D20941F2A006DC7A4 /* CFStreamPriv.h */ = {isa = PBXFileReference; fileEncoding = 4; lastKnownFileType = sourcecode.c.h; path = CFStreamPriv.h; sourceTree = "<group>"; };
		A754599E20941F2A006DC7A4 /* CFLogUtilities.h */ = {isa = PBXFileReference; fileEncoding = 4; lastKnownFileType = sourcecode.c.h; path = CFLogUtilities.h; sourceTree = "<group>"; };
		A754599F20941F2A006DC7A4 /* CFRuntime.c */ = {isa = PBXFileReference; fileEncoding = 4; lastKnownFileType = sourcecode.c.c; path = CFRuntime.c; sourceTree = "<group>"; };
		A75459A020941F2A006DC7A4 /* CFPreferences.c */ = {isa = PBXFileReference; fileEncoding = 4; lastKnownFileType = sourcecode.c.c; path = CFPreferences.c; sourceTree = "<group>"; };
		A75459A120941F2A006DC7A4 /* CFUserNotification.c */ = {isa = PBXFileReference; fileEncoding = 4; lastKnownFileType = sourcecode.c.c; path = CFUserNotification.c; sourceTree = "<group>"; };
		A75459A220941F2A006DC7A4 /* CFTimeZone.h */ = {isa = PBXFileReference; fileEncoding = 4; lastKnownFileType = sourcecode.c.h; path = CFTimeZone.h; sourceTree = "<group>"; };
		A75459A320941F2A006DC7A4 /* TargetConditionals.h */ = {isa = PBXFileReference; fileEncoding = 4; lastKnownFileType = sourcecode.c.h; path = TargetConditionals.h; sourceTree = "<group>"; };
		A75459A420941F2A006DC7A4 /* CFXMLPreferencesDomain.c */ = {isa = PBXFileReference; fileEncoding = 4; lastKnownFileType = sourcecode.c.c; path = CFXMLPreferencesDomain.c; sourceTree = "<group>"; };
		A75459A520941F2A006DC7A4 /* CFError.h */ = {isa = PBXFileReference; fileEncoding = 4; lastKnownFileType = sourcecode.c.h; path = CFError.h; sourceTree = "<group>"; };
		A75459A620941F2A006DC7A4 /* CFNumber.h */ = {isa = PBXFileReference; fileEncoding = 4; lastKnownFileType = sourcecode.c.h; path = CFNumber.h; sourceTree = "<group>"; };
		A75459A720941F2A006DC7A4 /* CFBundlePriv.h */ = {isa = PBXFileReference; fileEncoding = 4; lastKnownFileType = sourcecode.c.h; path = CFBundlePriv.h; sourceTree = "<group>"; };
		A75459A820941F2A006DC7A4 /* README_CFLITE */ = {isa = PBXFileReference; fileEncoding = 4; lastKnownFileType = text; path = README_CFLITE; sourceTree = "<group>"; };
		A75459A920941F2A006DC7A4 /* CFCharacterSetBitmaps.bitmap */ = {isa = PBXFileReference; lastKnownFileType = file; path = CFCharacterSetBitmaps.bitmap; sourceTree = "<group>"; };
		A75459AA20941F2A006DC7A4 /* CFXMLInputStream.c */ = {isa = PBXFileReference; fileEncoding = 4; lastKnownFileType = sourcecode.c.c; path = CFXMLInputStream.c; sourceTree = "<group>"; };
		A75459AB20941F2A006DC7A4 /* CFBag.c */ = {isa = PBXFileReference; fileEncoding = 4; lastKnownFileType = sourcecode.c.c; path = CFBag.c; sourceTree = "<group>"; };
		A75459AC20941F2A006DC7A4 /* CFPropertyList.h */ = {isa = PBXFileReference; fileEncoding = 4; lastKnownFileType = sourcecode.c.h; path = CFPropertyList.h; sourceTree = "<group>"; };
		A75459AD20941F2A006DC7A4 /* CFBundle.c */ = {isa = PBXFileReference; fileEncoding = 4; lastKnownFileType = sourcecode.c.c; path = CFBundle.c; sourceTree = "<group>"; };
		A75459AE20941F2A006DC7A4 /* CFSocketStream.c */ = {isa = PBXFileReference; fileEncoding = 4; lastKnownFileType = sourcecode.c.c; path = CFSocketStream.c; sourceTree = "<group>"; };
		A75459AF20941F2A006DC7A4 /* CFBigNumber.c */ = {isa = PBXFileReference; fileEncoding = 4; lastKnownFileType = sourcecode.c.c; path = CFBigNumber.c; sourceTree = "<group>"; };
		A75459B020941F2A006DC7A4 /* CFUUID.c */ = {isa = PBXFileReference; fileEncoding = 4; lastKnownFileType = sourcecode.c.c; path = CFUUID.c; sourceTree = "<group>"; };
		A75459B120941F2A006DC7A4 /* PropertyList.dtd */ = {isa = PBXFileReference; fileEncoding = 4; lastKnownFileType = text.xml; path = PropertyList.dtd; sourceTree = "<group>"; };
		A75459B220941F2A006DC7A4 /* CFBundle_Binary.c */ = {isa = PBXFileReference; fileEncoding = 4; lastKnownFileType = sourcecode.c.c; path = CFBundle_Binary.c; sourceTree = "<group>"; };
		A75459B320941F2A006DC7A4 /* CFPlugIn_Instance.c */ = {isa = PBXFileReference; fileEncoding = 4; lastKnownFileType = sourcecode.c.c; path = CFPlugIn_Instance.c; sourceTree = "<group>"; };
		A75459B420941F2A006DC7A4 /* CFPriv.h */ = {isa = PBXFileReference; fileEncoding = 4; lastKnownFileType = sourcecode.c.h; path = CFPriv.h; sourceTree = "<group>"; };
		A75459B520941F2A006DC7A4 /* CFByteOrder.h */ = {isa = PBXFileReference; fileEncoding = 4; lastKnownFileType = sourcecode.c.h; path = CFByteOrder.h; sourceTree = "<group>"; };
		A75459B620941F2A006DC7A4 /* CFBuiltinConverters.c */ = {isa = PBXFileReference; fileEncoding = 4; lastKnownFileType = sourcecode.c.c; path = CFBuiltinConverters.c; sourceTree = "<group>"; };
		A75459B720941F2A006DC7A4 /* CFStorage.c */ = {isa = PBXFileReference; fileEncoding = 4; lastKnownFileType = sourcecode.c.c; path = CFStorage.c; sourceTree = "<group>"; };
		A75459B920941F2A006DC7A4 /* plconvert.c */ = {isa = PBXFileReference; fileEncoding = 4; lastKnownFileType = sourcecode.c.c; path = plconvert.c; sourceTree = "<group>"; };
		A75459BA20941F2A006DC7A4 /* CFCharacterSet.c */ = {isa = PBXFileReference; fileEncoding = 4; lastKnownFileType = sourcecode.c.c; path = CFCharacterSet.c; sourceTree = "<group>"; };
		A75459BB20941F2A006DC7A4 /* CFDictionary.c */ = {isa = PBXFileReference; fileEncoding = 4; lastKnownFileType = sourcecode.c.c; path = CFDictionary.c; sourceTree = "<group>"; };
		A75459BC20941F2A006DC7A4 /* CFSocket.h */ = {isa = PBXFileReference; fileEncoding = 4; lastKnownFileType = sourcecode.c.h; path = CFSocket.h; sourceTree = "<group>"; };
		A75459BD20941F2A006DC7A4 /* CFURL.h */ = {isa = PBXFileReference; fileEncoding = 4; lastKnownFileType = sourcecode.c.h; path = CFURL.h; sourceTree = "<group>"; };
		A75459BE20941F2A006DC7A4 /* CFInternal.h */ = {isa = PBXFileReference; fileEncoding = 4; lastKnownFileType = sourcecode.c.h; path = CFInternal.h; sourceTree = "<group>"; };
		A75459BF20941F2A006DC7A4 /* CFBitVector.h */ = {isa = PBXFileReference; fileEncoding = 4; lastKnownFileType = sourcecode.c.h; path = CFBitVector.h; sourceTree = "<group>"; };
		A75459C020941F2A006DC7A4 /* CFXMLParser.h */ = {isa = PBXFileReference; fileEncoding = 4; lastKnownFileType = sourcecode.c.h; path = CFXMLParser.h; sourceTree = "<group>"; };
		A75459C120941F2A006DC7A4 /* CFXMLTree.c */ = {isa = PBXFileReference; fileEncoding = 4; lastKnownFileType = sourcecode.c.c; path = CFXMLTree.c; sourceTree = "<group>"; };
		A75459C220941F2A006DC7A4 /* CFRunLoop.h */ = {isa = PBXFileReference; fileEncoding = 4; lastKnownFileType = sourcecode.c.h; path = CFRunLoop.h; sourceTree = "<group>"; };
		A75459C320941F2A006DC7A4 /* CFStream.c */ = {isa = PBXFileReference; fileEncoding = 4; lastKnownFileType = sourcecode.c.c; path = CFStream.c; sourceTree = "<group>"; };
		A75459C420941F2A006DC7A4 /* CFLocaleIdentifier.c */ = {isa = PBXFileReference; fileEncoding = 4; lastKnownFileType = sourcecode.c.c; path = CFLocaleIdentifier.c; sourceTree = "<group>"; };
		A75459C520941F2A006DC7A4 /* CFXMLNode.c */ = {isa = PBXFileReference; fileEncoding = 4; lastKnownFileType = sourcecode.c.c; path = CFXMLNode.c; sourceTree = "<group>"; };
		A75459C620941F2A006DC7A4 /* CFArray.c */ = {isa = PBXFileReference; fileEncoding = 4; lastKnownFileType = sourcecode.c.c; path = CFArray.c; sourceTree = "<group>"; };
		A75459C720941F2A006DC7A4 /* CFBasicHash.h */ = {isa = PBXFileReference; fileEncoding = 4; lastKnownFileType = sourcecode.c.h; path = CFBasicHash.h; sourceTree = "<group>"; };
		A75459C820941F2A006DC7A4 /* CFString.h */ = {isa = PBXFileReference; fileEncoding = 4; lastKnownFileType = sourcecode.c.h; path = CFString.h; sourceTree = "<group>"; };
		A75459C920941F2A006DC7A4 /* CFPlatform.c */ = {isa = PBXFileReference; fileEncoding = 4; lastKnownFileType = sourcecode.c.c; path = CFPlatform.c; sourceTree = "<group>"; };
		A75459CA20941F2A006DC7A4 /* CFStringScanner.c */ = {isa = PBXFileReference; fileEncoding = 4; lastKnownFileType = sourcecode.c.c; path = CFStringScanner.c; sourceTree = "<group>"; };
		A75459CB20941F2A006DC7A4 /* CFMachPort.c */ = {isa = PBXFileReference; fileEncoding = 4; lastKnownFileType = sourcecode.c.c; path = CFMachPort.c; sourceTree = "<group>"; };
		A75459CC20941F2A006DC7A4 /* CFUnicodePrecomposition.c */ = {isa = PBXFileReference; fileEncoding = 4; lastKnownFileType = sourcecode.c.c; path = CFUnicodePrecomposition.c; sourceTree = "<group>"; };
		A75459CD20941F2A006DC7A4 /* CFBinaryHeap.h */ = {isa = PBXFileReference; fileEncoding = 4; lastKnownFileType = sourcecode.c.h; path = CFBinaryHeap.h; sourceTree = "<group>"; };
		A75459CE20941F2A006DC7A4 /* CFMessagePort.c */ = {isa = PBXFileReference; fileEncoding = 4; lastKnownFileType = sourcecode.c.c; path = CFMessagePort.c; sourceTree = "<group>"; };
		A75459CF20941F2A006DC7A4 /* CFTree.c */ = {isa = PBXFileReference; fileEncoding = 4; lastKnownFileType = sourcecode.c.c; path = CFTree.c; sourceTree = "<group>"; };
		A75459D020941F2A006DC7A4 /* CFBase.h */ = {isa = PBXFileReference; fileEncoding = 4; lastKnownFileType = sourcecode.c.h; path = CFBase.h; sourceTree = "<group>"; };
		A75459D120941F2A006DC7A4 /* CFURLPriv.h */ = {isa = PBXFileReference; fileEncoding = 4; lastKnownFileType = sourcecode.c.h; path = CFURLPriv.h; sourceTree = "<group>"; };
		A75459D220941F2A006DC7A4 /* CFSet.h */ = {isa = PBXFileReference; fileEncoding = 4; lastKnownFileType = sourcecode.c.h; path = CFSet.h; sourceTree = "<group>"; };
		A75459D320941F2A006DC7A4 /* CFUnicodeData-L.mapping */ = {isa = PBXFileReference; lastKnownFileType = file; path = "CFUnicodeData-L.mapping"; sourceTree = "<group>"; };
		A75459D420941F2A006DC7A4 /* CFPlatformConverters.c */ = {isa = PBXFileReference; fileEncoding = 4; lastKnownFileType = sourcecode.c.c; path = CFPlatformConverters.c; sourceTree = "<group>"; };
		A75459D520941F2A006DC7A4 /* CFUtilities.h */ = {isa = PBXFileReference; fileEncoding = 4; lastKnownFileType = sourcecode.c.h; path = CFUtilities.h; sourceTree = "<group>"; };
		A75459D620941F2A006DC7A4 /* CFPlugIn_Factory.c */ = {isa = PBXFileReference; fileEncoding = 4; lastKnownFileType = sourcecode.c.c; path = CFPlugIn_Factory.c; sourceTree = "<group>"; };
		A75459D720941F2A006DC7A4 /* CFDateFormatter.c */ = {isa = PBXFileReference; fileEncoding = 4; lastKnownFileType = sourcecode.c.c; path = CFDateFormatter.c; sourceTree = "<group>"; };
		A75459D820941F2A006DC7A4 /* CFICUConverters.h */ = {isa = PBXFileReference; fileEncoding = 4; lastKnownFileType = sourcecode.c.h; path = CFICUConverters.h; sourceTree = "<group>"; };
		A75459D920941F2A006DC7A4 /* CFUniCharPropertyDatabase.data */ = {isa = PBXFileReference; lastKnownFileType = file; path = CFUniCharPropertyDatabase.data; sourceTree = "<group>"; };
		A75459DA20941F2A006DC7A4 /* MakefileLinux */ = {isa = PBXFileReference; fileEncoding = 4; lastKnownFileType = text; path = MakefileLinux; sourceTree = "<group>"; };
		A75459DB20941F2A006DC7A4 /* CFStringUtilities.c */ = {isa = PBXFileReference; fileEncoding = 4; lastKnownFileType = sourcecode.c.c; path = CFStringUtilities.c; sourceTree = "<group>"; };
		A75459DC20941F2A006DC7A4 /* CFStringEncodingDatabase.h */ = {isa = PBXFileReference; fileEncoding = 4; lastKnownFileType = sourcecode.c.h; path = CFStringEncodingDatabase.h; sourceTree = "<group>"; };
		A75459DD20941F2A006DC7A4 /* CFStringDefaultEncoding.h */ = {isa = PBXFileReference; fileEncoding = 4; lastKnownFileType = sourcecode.c.h; path = CFStringDefaultEncoding.h; sourceTree = "<group>"; };
		A75459DE20941F2A006DC7A4 /* CFCalendar.h */ = {isa = PBXFileReference; fileEncoding = 4; lastKnownFileType = sourcecode.c.h; path = CFCalendar.h; sourceTree = "<group>"; };
		A75459DF20941F2A006DC7A4 /* CFError_Private.h */ = {isa = PBXFileReference; fileEncoding = 4; lastKnownFileType = sourcecode.c.h; path = CFError_Private.h; sourceTree = "<group>"; };
		A75459E020941F2A006DC7A4 /* CFWindowsUtilities.c */ = {isa = PBXFileReference; fileEncoding = 4; lastKnownFileType = sourcecode.c.c; path = CFWindowsUtilities.c; sourceTree = "<group>"; };
		A75459E120941F2A006DC7A4 /* plconvert.c */ = {isa = PBXFileReference; fileEncoding = 4; lastKnownFileType = sourcecode.c.c; path = plconvert.c; sourceTree = "<group>"; };
		A75459E220941F2A006DC7A4 /* CFURLAccess.c */ = {isa = PBXFileReference; fileEncoding = 4; lastKnownFileType = sourcecode.c.c; path = CFURLAccess.c; sourceTree = "<group>"; };
		A75459E320941F2A006DC7A4 /* CFBundle_Grok.c */ = {isa = PBXFileReference; fileEncoding = 4; lastKnownFileType = sourcecode.c.c; path = CFBundle_Grok.c; sourceTree = "<group>"; };
		A75459E420941F2A006DC7A4 /* CFNumberFormatter.c */ = {isa = PBXFileReference; fileEncoding = 4; lastKnownFileType = sourcecode.c.c; path = CFNumberFormatter.c; sourceTree = "<group>"; };
		A75459E520941F2A006DC7A4 /* CFStringEncodings.c */ = {isa = PBXFileReference; fileEncoding = 4; lastKnownFileType = sourcecode.c.c; path = CFStringEncodings.c; sourceTree = "<group>"; };
		A75459E620941F2A006DC7A4 /* CFLocale.c */ = {isa = PBXFileReference; fileEncoding = 4; lastKnownFileType = sourcecode.c.c; path = CFLocale.c; sourceTree = "<group>"; };
		A75459E720941F2A006DC7A4 /* CFStringEncodingExt.h */ = {isa = PBXFileReference; fileEncoding = 4; lastKnownFileType = sourcecode.c.h; path = CFStringEncodingExt.h; sourceTree = "<group>"; };
		A75459E820941F2A006DC7A4 /* CFUniChar.h */ = {isa = PBXFileReference; fileEncoding = 4; lastKnownFileType = sourcecode.c.h; path = CFUniChar.h; sourceTree = "<group>"; };
		A75459E920941F2A006DC7A4 /* CFCharacterSetPriv.h */ = {isa = PBXFileReference; fileEncoding = 4; lastKnownFileType = sourcecode.c.h; path = CFCharacterSetPriv.h; sourceTree = "<group>"; };
		A75459EA20941F2A006DC7A4 /* Info.plist */ = {isa = PBXFileReference; fileEncoding = 4; lastKnownFileType = text.plist.xml; path = Info.plist; sourceTree = "<group>"; };
		A75459EB20941F2A006DC7A4 /* CFData.c */ = {isa = PBXFileReference; fileEncoding = 4; lastKnownFileType = sourcecode.c.c; path = CFData.c; sourceTree = "<group>"; };
		A75459EC20941F2A006DC7A4 /* CFStringEncodingConverter.c */ = {isa = PBXFileReference; fileEncoding = 4; lastKnownFileType = sourcecode.c.c; path = CFStringEncodingConverter.c; sourceTree = "<group>"; };
		A75459ED20941F2A006DC7A4 /* CFBurstTrie.c */ = {isa = PBXFileReference; fileEncoding = 4; lastKnownFileType = sourcecode.c.c; path = CFBurstTrie.c; sourceTree = "<group>"; };
		A75459EE20941F2A006DC7A4 /* CFDate.c */ = {isa = PBXFileReference; fileEncoding = 4; lastKnownFileType = sourcecode.c.c; path = CFDate.c; sourceTree = "<group>"; };
		A75459EF20941F2A006DC7A4 /* CFUnicodeDecomposition.c */ = {isa = PBXFileReference; fileEncoding = 4; lastKnownFileType = sourcecode.c.c; path = CFUnicodeDecomposition.c; sourceTree = "<group>"; };
		A75459F020941F2A006DC7A4 /* CFPlugIn_PlugIn.c */ = {isa = PBXFileReference; fileEncoding = 4; lastKnownFileType = sourcecode.c.c; path = CFPlugIn_PlugIn.c; sourceTree = "<group>"; };
		A75459F120941F2A006DC7A4 /* CFPlugIn.c */ = {isa = PBXFileReference; fileEncoding = 4; lastKnownFileType = sourcecode.c.c; path = CFPlugIn.c; sourceTree = "<group>"; };
/* End PBXFileReference section */

/* Begin PBXGroup section */
		A754593F20941E1E006DC7A4 = {
			isa = PBXGroup;
			children = (
				A754594A20941F2A006DC7A4 /* CF-1151.16 */,
			);
			sourceTree = "<group>";
		};
		A754594A20941F2A006DC7A4 /* CF-1151.16 */ = {
			isa = PBXGroup;
			children = (
				A754594B20941F2A006DC7A4 /* CFUUID.h */,
				A754594C20941F2A006DC7A4 /* CFUniCharPriv.h */,
				A754594D20941F2A006DC7A4 /* CFBundle.h */,
				A754594E20941F2A006DC7A4 /* CFBigNumber.h */,
				A754594F20941F2A006DC7A4 /* CFXMLInputStream.h */,
				A754595020941F2A006DC7A4 /* CFNumber.c */,
				A754595120941F2A006DC7A4 /* CFError.c */,
				A754595220941F2A006DC7A4 /* CFBundle_Internal.h */,
				A754595320941F2A006DC7A4 /* CFURL.inc.h */,
				A754595420941F2A006DC7A4 /* CFPropertyList.c */,
				A754595520941F2A006DC7A4 /* CFBag.h */,
				A754595620941F2A006DC7A4 /* CFStringEncodingConverterPriv.h */,
				A754595720941F2A006DC7A4 /* CFRuntime.h */,
				A754595820941F2A006DC7A4 /* CFPreferences.h */,
				A754595920941F2A006DC7A4 /* CFConcreteStreams.c */,
				A754595A20941F2A006DC7A4 /* CoreFoundation_Prefix.h */,
				A754595B20941F2A006DC7A4 /* CFAvailability.h */,
				A754595C20941F2A006DC7A4 /* SymbolAliases */,
				A754595D20941F2A006DC7A4 /* CFUserNotification.h */,
				A754595E20941F2A006DC7A4 /* CFTimeZone.c */,
				A754595F20941F2A006DC7A4 /* CFVersion.c */,
				A754596020941F2A006DC7A4 /* ForFoundationOnly.h */,
				A754596120941F2A006DC7A4 /* CFBinaryPList.c */,
				A754596220941F2A006DC7A4 /* CFXMLNode.h */,
				A754596320941F2A006DC7A4 /* CFBundle_Resources.c */,
				A754596420941F2A006DC7A4 /* CFStreamAbstract.h */,
				A754596520941F2A006DC7A4 /* CFString.c */,
				A754596620941F2A006DC7A4 /* CFBasicHash.c */,
				A754596720941F2A006DC7A4 /* CFArray.h */,
				A754596820941F2A006DC7A4 /* CFBundle_InfoPlist.c */,
				A754596920941F2A006DC7A4 /* CFXMLParser.c */,
				A754596A20941F2A006DC7A4 /* CFBitVector.c */,
				A754596B20941F2A006DC7A4 /* CFStream.h */,
				A754596C20941F2A006DC7A4 /* CFRunLoop.c */,
				A754596D20941F2A006DC7A4 /* CoreFoundation.h */,
				A754596E20941F2A006DC7A4 /* CFBundle_BinaryTypes.h */,
				A754596F20941F2A006DC7A4 /* CFSocket.c */,
				A754597020941F2A006DC7A4 /* CFDictionary.h */,
				A754597120941F2A006DC7A4 /* APPLE_LICENSE */,
				A754597220941F2A006DC7A4 /* CFURL.c */,
				A754597320941F2A006DC7A4 /* CFApplicationPreferences.c */,
				A754597420941F2A006DC7A4 /* CFCharacterSet.h */,
				A754597520941F2A006DC7A4 /* CFBasicHashFindBucket.m */,
				A754597620941F2A006DC7A4 /* CFStorage.h */,
				A754597720941F2A006DC7A4 /* CFStringEncodingDatabase.c */,
				A754597820941F2A006DC7A4 /* CFSystemDirectories.c */,
				A754597920941F2A006DC7A4 /* CFUnicodeData-B.mapping */,
				A754597A20941F2A006DC7A4 /* CFCalendar.c */,
				A754597B20941F2A006DC7A4 /* CFOldStylePList.c */,
				A754597C20941F2A006DC7A4 /* Makefile */,
				A754597D20941F2A006DC7A4 /* CFDateFormatter.h */,
				A754597E20941F2A006DC7A4 /* CFPlugIn_Factory.h */,
				A754597F20941F2A006DC7A4 /* CFICUConverters.c */,
				A754598020941F2A006DC7A4 /* CFSet.c */,
				A754598120941F2A006DC7A4 /* CFBase.c */,
				A754598220941F2A006DC7A4 /* CFTree.h */,
				A754598320941F2A006DC7A4 /* CFSortFunctions.c */,
				A754598420941F2A006DC7A4 /* CFBinaryHeap.c */,
				A754598520941F2A006DC7A4 /* CFMessagePort.h */,
				A754598620941F2A006DC7A4 /* CFUtilities.c */,
				A754598720941F2A006DC7A4 /* MakefileVersion */,
				A754598820941F2A006DC7A4 /* CFUnicodePrecomposition.h */,
				A754598920941F2A006DC7A4 /* CFMachPort.h */,
				A754598A20941F2A006DC7A4 /* CFICULogging.h */,
				A754598B20941F2A006DC7A4 /* CFPlugInCOM.h */,
				A754598C20941F2A006DC7A4 /* CFPlugIn.h */,
				A754598D20941F2A006DC7A4 /* CFFileUtilities.c */,
				A754598E20941F2A006DC7A4 /* CFBundle_Locale.c */,
				A754598F20941F2A006DC7A4 /* CFLocaleKeys.c */,
				A754599020941F2A006DC7A4 /* CFUnicodeDecomposition.h */,
				A754599120941F2A006DC7A4 /* CFDate.h */,
				A754599220941F2A006DC7A4 /* CFBundle_Strings.c */,
				A754599320941F2A006DC7A4 /* CFBurstTrie.h */,
				A754599420941F2A006DC7A4 /* CFStringEncodingConverter.h */,
				A754599520941F2A006DC7A4 /* CFStreamInternal.h */,
				A754599620941F2A006DC7A4 /* CFStringEncodingConverterExt.h */,
				A754599720941F2A006DC7A4 /* CFLocale.h */,
				A754599820941F2A006DC7A4 /* CFData.h */,
				A754599920941F2A006DC7A4 /* CFUniChar.c */,
				A754599A20941F2A006DC7A4 /* CFNumberFormatter.h */,
				A754599B20941F2A006DC7A4 /* CFURLAccess.h */,
				A754599C20941F2A006DC7A4 /* CFLocaleInternal.h */,
				A754599D20941F2A006DC7A4 /* CFStreamPriv.h */,
				A754599E20941F2A006DC7A4 /* CFLogUtilities.h */,
				A754599F20941F2A006DC7A4 /* CFRuntime.c */,
				A75459A020941F2A006DC7A4 /* CFPreferences.c */,
				A75459A120941F2A006DC7A4 /* CFUserNotification.c */,
				A75459A220941F2A006DC7A4 /* CFTimeZone.h */,
				A75459A320941F2A006DC7A4 /* TargetConditionals.h */,
				A75459A420941F2A006DC7A4 /* CFXMLPreferencesDomain.c */,
				A75459A520941F2A006DC7A4 /* CFError.h */,
				A75459A620941F2A006DC7A4 /* CFNumber.h */,
				A75459A720941F2A006DC7A4 /* CFBundlePriv.h */,
				A75459A820941F2A006DC7A4 /* README_CFLITE */,
				A75459A920941F2A006DC7A4 /* CFCharacterSetBitmaps.bitmap */,
				A75459AA20941F2A006DC7A4 /* CFXMLInputStream.c */,
				A75459AB20941F2A006DC7A4 /* CFBag.c */,
				A75459AC20941F2A006DC7A4 /* CFPropertyList.h */,
				A75459AD20941F2A006DC7A4 /* CFBundle.c */,
				A75459AE20941F2A006DC7A4 /* CFSocketStream.c */,
				A75459AF20941F2A006DC7A4 /* CFBigNumber.c */,
				A75459B020941F2A006DC7A4 /* CFUUID.c */,
				A75459B120941F2A006DC7A4 /* PropertyList.dtd */,
				A75459B220941F2A006DC7A4 /* CFBundle_Binary.c */,
				A75459B320941F2A006DC7A4 /* CFPlugIn_Instance.c */,
				A75459B420941F2A006DC7A4 /* CFPriv.h */,
				A75459B520941F2A006DC7A4 /* CFByteOrder.h */,
				A75459B620941F2A006DC7A4 /* CFBuiltinConverters.c */,
				A75459B720941F2A006DC7A4 /* CFStorage.c */,
				A75459B820941F2A006DC7A4 /* Examples */,
				A75459BA20941F2A006DC7A4 /* CFCharacterSet.c */,
				A75459BB20941F2A006DC7A4 /* CFDictionary.c */,
				A75459BC20941F2A006DC7A4 /* CFSocket.h */,
				A75459BD20941F2A006DC7A4 /* CFURL.h */,
				A75459BE20941F2A006DC7A4 /* CFInternal.h */,
				A75459BF20941F2A006DC7A4 /* CFBitVector.h */,
				A75459C020941F2A006DC7A4 /* CFXMLParser.h */,
				A75459C120941F2A006DC7A4 /* CFXMLTree.c */,
				A75459C220941F2A006DC7A4 /* CFRunLoop.h */,
				A75459C320941F2A006DC7A4 /* CFStream.c */,
				A75459C420941F2A006DC7A4 /* CFLocaleIdentifier.c */,
				A75459C520941F2A006DC7A4 /* CFXMLNode.c */,
				A75459C620941F2A006DC7A4 /* CFArray.c */,
				A75459C720941F2A006DC7A4 /* CFBasicHash.h */,
				A75459C820941F2A006DC7A4 /* CFString.h */,
				A75459C920941F2A006DC7A4 /* CFPlatform.c */,
				A75459CA20941F2A006DC7A4 /* CFStringScanner.c */,
				A75459CB20941F2A006DC7A4 /* CFMachPort.c */,
				A75459CC20941F2A006DC7A4 /* CFUnicodePrecomposition.c */,
				A75459CD20941F2A006DC7A4 /* CFBinaryHeap.h */,
				A75459CE20941F2A006DC7A4 /* CFMessagePort.c */,
				A75459CF20941F2A006DC7A4 /* CFTree.c */,
				A75459D020941F2A006DC7A4 /* CFBase.h */,
				A75459D120941F2A006DC7A4 /* CFURLPriv.h */,
				A75459D220941F2A006DC7A4 /* CFSet.h */,
				A75459D320941F2A006DC7A4 /* CFUnicodeData-L.mapping */,
				A75459D420941F2A006DC7A4 /* CFPlatformConverters.c */,
				A75459D520941F2A006DC7A4 /* CFUtilities.h */,
				A75459D620941F2A006DC7A4 /* CFPlugIn_Factory.c */,
				A75459D720941F2A006DC7A4 /* CFDateFormatter.c */,
				A75459D820941F2A006DC7A4 /* CFICUConverters.h */,
				A75459D920941F2A006DC7A4 /* CFUniCharPropertyDatabase.data */,
				A75459DA20941F2A006DC7A4 /* MakefileLinux */,
				A75459DB20941F2A006DC7A4 /* CFStringUtilities.c */,
				A75459DC20941F2A006DC7A4 /* CFStringEncodingDatabase.h */,
				A75459DD20941F2A006DC7A4 /* CFStringDefaultEncoding.h */,
				A75459DE20941F2A006DC7A4 /* CFCalendar.h */,
				A75459DF20941F2A006DC7A4 /* CFError_Private.h */,
				A75459E020941F2A006DC7A4 /* CFWindowsUtilities.c */,
				A75459E120941F2A006DC7A4 /* plconvert.c */,
				A75459E220941F2A006DC7A4 /* CFURLAccess.c */,
				A75459E320941F2A006DC7A4 /* CFBundle_Grok.c */,
				A75459E420941F2A006DC7A4 /* CFNumberFormatter.c */,
				A75459E520941F2A006DC7A4 /* CFStringEncodings.c */,
				A75459E620941F2A006DC7A4 /* CFLocale.c */,
				A75459E720941F2A006DC7A4 /* CFStringEncodingExt.h */,
				A75459E820941F2A006DC7A4 /* CFUniChar.h */,
				A75459E920941F2A006DC7A4 /* CFCharacterSetPriv.h */,
				A75459EA20941F2A006DC7A4 /* Info.plist */,
				A75459EB20941F2A006DC7A4 /* CFData.c */,
				A75459EC20941F2A006DC7A4 /* CFStringEncodingConverter.c */,
				A75459ED20941F2A006DC7A4 /* CFBurstTrie.c */,
				A75459EE20941F2A006DC7A4 /* CFDate.c */,
				A75459EF20941F2A006DC7A4 /* CFUnicodeDecomposition.c */,
				A75459F020941F2A006DC7A4 /* CFPlugIn_PlugIn.c */,
				A75459F120941F2A006DC7A4 /* CFPlugIn.c */,
			);
			path = "CF-1151.16";
			sourceTree = "<group>";
		};
		A75459B820941F2A006DC7A4 /* Examples */ = {
			isa = PBXGroup;
			children = (
				A75459B920941F2A006DC7A4 /* plconvert.c */,
			);
			path = Examples;
			sourceTree = "<group>";
		};
/* End PBXGroup section */

/* Begin PBXLegacyTarget section */
		A754594420941E1E006DC7A4 /* CoreFoundation */ = {
			isa = PBXLegacyTarget;
			buildArgumentsString = "$(ACTION)";
			buildConfigurationList = A754594720941E1E006DC7A4 /* Build configuration list for PBXLegacyTarget "CoreFoundation" */;
			buildPhases = (
			);
			buildToolPath = /usr/bin/make;
			buildWorkingDirectory = "";
			dependencies = (
			);
			name = CoreFoundation;
			passBuildSettingsInEnvironment = 1;
			productName = CoreFoundation;
		};
/* End PBXLegacyTarget section */

/* Begin PBXProject section */
		A754594020941E1E006DC7A4 /* Project object */ = {
			isa = PBXProject;
			attributes = {
				LastUpgradeCheck = 0930;
				ORGANIZATIONNAME = lzackx;
				TargetAttributes = {
					A754594420941E1E006DC7A4 = {
						CreatedOnToolsVersion = 9.3;
					};
				};
			};
			buildConfigurationList = A754594320941E1E006DC7A4 /* Build configuration list for PBXProject "CoreFoundation" */;
			compatibilityVersion = "Xcode 9.3";
			developmentRegion = en;
			hasScannedForEncodings = 0;
			knownRegions = (
				en,
			);
			mainGroup = A754593F20941E1E006DC7A4;
			projectDirPath = "";
			projectRoot = "";
			targets = (
				A754594420941E1E006DC7A4 /* CoreFoundation */,
			);
		};
/* End PBXProject section */

/* Begin XCBuildConfiguration section */
		A754594520941E1E006DC7A4 /* Debug */ = {
			isa = XCBuildConfiguration;
			buildSettings = {
				ALWAYS_SEARCH_USER_PATHS = NO;
				CLANG_ANALYZER_NONNULL = YES;
				CLANG_ANALYZER_NUMBER_OBJECT_CONVERSION = YES_AGGRESSIVE;
				CLANG_CXX_LANGUAGE_STANDARD = "gnu++14";
				CLANG_CXX_LIBRARY = "libc++";
				CLANG_ENABLE_MODULES = YES;
				CLANG_ENABLE_OBJC_ARC = YES;
				CLANG_ENABLE_OBJC_WEAK = YES;
				CLANG_WARN_BLOCK_CAPTURE_AUTORELEASING = YES;
				CLANG_WARN_BOOL_CONVERSION = YES;
				CLANG_WARN_COMMA = YES;
				CLANG_WARN_CONSTANT_CONVERSION = YES;
				CLANG_WARN_DEPRECATED_OBJC_IMPLEMENTATIONS = YES;
				CLANG_WARN_DIRECT_OBJC_ISA_USAGE = YES_ERROR;
				CLANG_WARN_DOCUMENTATION_COMMENTS = YES;
				CLANG_WARN_EMPTY_BODY = YES;
				CLANG_WARN_ENUM_CONVERSION = YES;
				CLANG_WARN_INFINITE_RECURSION = YES;
				CLANG_WARN_INT_CONVERSION = YES;
				CLANG_WARN_NON_LITERAL_NULL_CONVERSION = YES;
				CLANG_WARN_OBJC_IMPLICIT_RETAIN_SELF = YES;
				CLANG_WARN_OBJC_LITERAL_CONVERSION = YES;
				CLANG_WARN_OBJC_ROOT_CLASS = YES_ERROR;
				CLANG_WARN_RANGE_LOOP_ANALYSIS = YES;
				CLANG_WARN_STRICT_PROTOTYPES = YES;
				CLANG_WARN_SUSPICIOUS_MOVE = YES;
				CLANG_WARN_UNGUARDED_AVAILABILITY = YES_AGGRESSIVE;
				CLANG_WARN_UNREACHABLE_CODE = YES;
				CLANG_WARN__DUPLICATE_METHOD_MATCH = YES;
				COPY_PHASE_STRIP = NO;
				DEBUG_INFORMATION_FORMAT = dwarf;
				ENABLE_STRICT_OBJC_MSGSEND = YES;
				ENABLE_TESTABILITY = YES;
				GCC_C_LANGUAGE_STANDARD = gnu11;
				GCC_DYNAMIC_NO_PIC = NO;
				GCC_NO_COMMON_BLOCKS = YES;
				GCC_OPTIMIZATION_LEVEL = 0;
				GCC_PREPROCESSOR_DEFINITIONS = (
					"DEBUG=1",
					"$(inherited)",
				);
				GCC_WARN_64_TO_32_BIT_CONVERSION = YES;
				GCC_WARN_ABOUT_RETURN_TYPE = YES_ERROR;
				GCC_WARN_UNDECLARED_SELECTOR = YES;
				GCC_WARN_UNINITIALIZED_AUTOS = YES_AGGRESSIVE;
				GCC_WARN_UNUSED_FUNCTION = YES;
				GCC_WARN_UNUSED_VARIABLE = YES;
				MTL_ENABLE_DEBUG_INFO = YES;
				ONLY_ACTIVE_ARCH = YES;
			};
			name = Debug;
		};
		A754594620941E1E006DC7A4 /* Release */ = {
			isa = XCBuildConfiguration;
			buildSettings = {
				ALWAYS_SEARCH_USER_PATHS = NO;
				CLANG_ANALYZER_NONNULL = YES;
				CLANG_ANALYZER_NUMBER_OBJECT_CONVERSION = YES_AGGRESSIVE;
				CLANG_CXX_LANGUAGE_STANDARD = "gnu++14";
				CLANG_CXX_LIBRARY = "libc++";
				CLANG_ENABLE_MODULES = YES;
				CLANG_ENABLE_OBJC_ARC = YES;
				CLANG_ENABLE_OBJC_WEAK = YES;
				CLANG_WARN_BLOCK_CAPTURE_AUTORELEASING = YES;
				CLANG_WARN_BOOL_CONVERSION = YES;
				CLANG_WARN_COMMA = YES;
				CLANG_WARN_CONSTANT_CONVERSION = YES;
				CLANG_WARN_DEPRECATED_OBJC_IMPLEMENTATIONS = YES;
				CLANG_WARN_DIRECT_OBJC_ISA_USAGE = YES_ERROR;
				CLANG_WARN_DOCUMENTATION_COMMENTS = YES;
				CLANG_WARN_EMPTY_BODY = YES;
				CLANG_WARN_ENUM_CONVERSION = YES;
				CLANG_WARN_INFINITE_RECURSION = YES;
				CLANG_WARN_INT_CONVERSION = YES;
				CLANG_WARN_NON_LITERAL_NULL_CONVERSION = YES;
				CLANG_WARN_OBJC_IMPLICIT_RETAIN_SELF = YES;
				CLANG_WARN_OBJC_LITERAL_CONVERSION = YES;
				CLANG_WARN_OBJC_ROOT_CLASS = YES_ERROR;
				CLANG_WARN_RANGE_LOOP_ANALYSIS = YES;
				CLANG_WARN_STRICT_PROTOTYPES = YES;
				CLANG_WARN_SUSPICIOUS_MOVE = YES;
				CLANG_WARN_UNGUARDED_AVAILABILITY = YES_AGGRESSIVE;
				CLANG_WARN_UNREACHABLE_CODE = YES;
				CLANG_WARN__DUPLICATE_METHOD_MATCH = YES;
				COPY_PHASE_STRIP = NO;
				DEBUG_INFORMATION_FORMAT = "dwarf-with-dsym";
				ENABLE_NS_ASSERTIONS = NO;
				ENABLE_STRICT_OBJC_MSGSEND = YES;
				GCC_C_LANGUAGE_STANDARD = gnu11;
				GCC_NO_COMMON_BLOCKS = YES;
				GCC_WARN_64_TO_32_BIT_CONVERSION = YES;
				GCC_WARN_ABOUT_RETURN_TYPE = YES_ERROR;
				GCC_WARN_UNDECLARED_SELECTOR = YES;
				GCC_WARN_UNINITIALIZED_AUTOS = YES_AGGRESSIVE;
				GCC_WARN_UNUSED_FUNCTION = YES;
				GCC_WARN_UNUSED_VARIABLE = YES;
				MTL_ENABLE_DEBUG_INFO = NO;
			};
			name = Release;
		};
		A754594820941E1E006DC7A4 /* Debug */ = {
			isa = XCBuildConfiguration;
			buildSettings = {
				CODE_SIGN_STYLE = Automatic;
				DEBUGGING_SYMBOLS = YES;
				DEBUG_INFORMATION_FORMAT = dwarf;
				GCC_GENERATE_DEBUGGING_SYMBOLS = YES;
				GCC_OPTIMIZATION_LEVEL = 0;
				OTHER_CFLAGS = "";
				OTHER_LDFLAGS = "";
				PRODUCT_NAME = "$(TARGET_NAME)";
			};
			name = Debug;
		};
		A754594920941E1E006DC7A4 /* Release */ = {
			isa = XCBuildConfiguration;
			buildSettings = {
				CODE_SIGN_STYLE = Automatic;
				DEBUG_INFORMATION_FORMAT = "dwarf-with-dsym";
				OTHER_CFLAGS = "";
				OTHER_LDFLAGS = "";
				PRODUCT_NAME = "$(TARGET_NAME)";
			};
			name = Release;
		};
/* End XCBuildConfiguration section */

/* Begin XCConfigurationList section */
		A754594320941E1E006DC7A4 /* Build configuration list for PBXProject "CoreFoundation" */ = {
			isa = XCConfigurationList;
			buildConfigurations = (
				A754594520941E1E006DC7A4 /* Debug */,
				A754594620941E1E006DC7A4 /* Release */,
			);
			defaultConfigurationIsVisible = 0;
			defaultConfigurationName = Debug;
		};
		A754594720941E1E006DC7A4 /* Build configuration list for PBXLegacyTarget "CoreFoundation" */ = {
			isa = XCConfigurationList;
			buildConfigurations = (
				A754594820941E1E006DC7A4 /* Debug */,
				A754594920941E1E006DC7A4 /* Release */,
			);
			defaultConfigurationIsVisible = 0;
			defaultConfigurationName = Debug;
		};
/* End XCConfigurationList section */
	};
	rootObject = A754594020941E1E006DC7A4 /* Project object */;
}
