// !$*UTF8*$!
{
	archiveVersion = 1;
	classes = {
	};
	objectVersion = 50;
	objects = {

/* Begin PBXBuildFile section */
		A7E3ABED207DDC88005B9B01 /* AppDelegate.m in Sources */ = {isa = PBXBuildFile; fileRef = A7E3ABEC207DDC88005B9B01 /* AppDelegate.m */; };
		A7E3ABF0207DDC88005B9B01 /* ViewController.m in Sources */ = {isa = PBXBuildFile; fileRef = A7E3ABEF207DDC88005B9B01 /* ViewController.m */; };
		A7E3ABF3207DDC88005B9B01 /* Main.storyboard in Resources */ = {isa = PBXBuildFile; fileRef = A7E3ABF1207DDC88005B9B01 /* Main.storyboard */; };
		A7E3ABF5207DDC89005B9B01 /* Assets.xcassets in Resources */ = {isa = PBXBuildFile; fileRef = A7E3ABF4207DDC89005B9B01 /* Assets.xcassets */; };
		A7E3ABF8207DDC89005B9B01 /* LaunchScreen.storyboard in Resources */ = {isa = PBXBuildFile; fileRef = A7E3ABF6207DDC89005B9B01 /* LaunchScreen.storyboard */; };
		A7E3ABFB207DDC89005B9B01 /* main.m in Sources */ = {isa = PBXBuildFile; fileRef = A7E3ABFA207DDC89005B9B01 /* main.m */; };
		A7E3AC13207DF7A0005B9B01 /* SwizzlingMethodObject.m in Sources */ = {isa = PBXBuildFile; fileRef = A7E3AC12207DF7A0005B9B01 /* SwizzlingMethodObject.m */; };
		A7E3AC18207E0A64005B9B01 /* UIViewController+MethodSwizzling.m in Sources */ = {isa = PBXBuildFile; fileRef = A7E3AC16207E0A64005B9B01 /* UIViewController+MethodSwizzling.m */; };
/* End PBXBuildFile section */

/* Begin PBXFileReference section */
		A7E3ABE8207DDC87005B9B01 /* MethodSwizzling.app */ = {isa = PBXFileReference; explicitFileType = wrapper.application; includeInIndex = 0; path = MethodSwizzling.app; sourceTree = BUILT_PRODUCTS_DIR; };
		A7E3ABEB207DDC87005B9B01 /* AppDelegate.h */ = {isa = PBXFileReference; lastKnownFileType = sourcecode.c.h; path = AppDelegate.h; sourceTree = "<group>"; };
		A7E3ABEC207DDC88005B9B01 /* AppDelegate.m */ = {isa = PBXFileReference; lastKnownFileType = sourcecode.c.objc; path = AppDelegate.m; sourceTree = "<group>"; };
		A7E3ABEE207DDC88005B9B01 /* ViewController.h */ = {isa = PBXFileReference; lastKnownFileType = sourcecode.c.h; path = ViewController.h; sourceTree = "<group>"; };
		A7E3ABEF207DDC88005B9B01 /* ViewController.m */ = {isa = PBXFileReference; lastKnownFileType = sourcecode.c.objc; path = ViewController.m; sourceTree = "<group>"; };
		A7E3ABF2207DDC88005B9B01 /* Base */ = {isa = PBXFileReference; lastKnownFileType = file.storyboard; name = Base; path = Base.lproj/Main.storyboard; sourceTree = "<group>"; };
		A7E3ABF4207DDC89005B9B01 /* Assets.xcassets */ = {isa = PBXFileReference; lastKnownFileType = folder.assetcatalog; path = Assets.xcassets; sourceTree = "<group>"; };
		A7E3ABF7207DDC89005B9B01 /* Base */ = {isa = PBXFileReference; lastKnownFileType = file.storyboard; name = Base; path = Base.lproj/LaunchScreen.storyboard; sourceTree = "<group>"; };
		A7E3ABF9207DDC89005B9B01 /* Info.plist */ = {isa = PBXFileReference; lastKnownFileType = text.plist.xml; path = Info.plist; sourceTree = "<group>"; };
		A7E3ABFA207DDC89005B9B01 /* main.m */ = {isa = PBXFileReference; lastKnownFileType = sourcecode.c.objc; path = main.m; sourceTree = "<group>"; };
		A7E3AC11207DF7A0005B9B01 /* SwizzlingMethodObject.h */ = {isa = PBXFileReference; lastKnownFileType = sourcecode.c.h; path = SwizzlingMethodObject.h; sourceTree = "<group>"; };
		A7E3AC12207DF7A0005B9B01 /* SwizzlingMethodObject.m */ = {isa = PBXFileReference; lastKnownFileType = sourcecode.c.objc; path = SwizzlingMethodObject.m; sourceTree = "<group>"; };
		A7E3AC15207E0A64005B9B01 /* UIViewController+MethodSwizzling.h */ = {isa = PBXFileReference; fileEncoding = 4; lastKnownFileType = sourcecode.c.h; path = "UIViewController+MethodSwizzling.h"; sourceTree = "<group>"; };
		A7E3AC16207E0A64005B9B01 /* UIViewController+MethodSwizzling.m */ = {isa = PBXFileReference; fileEncoding = 4; lastKnownFileType = sourcecode.c.objc; path = "UIViewController+MethodSwizzling.m"; sourceTree = "<group>"; };
/* End PBXFileReference section */

/* Begin PBXFrameworksBuildPhase section */
		A7E3ABE5207DDC87005B9B01 /* Frameworks */ = {
			isa = PBXFrameworksBuildPhase;
			buildActionMask = 2147483647;
			files = (
			);
			runOnlyForDeploymentPostprocessing = 0;
		};
/* End PBXFrameworksBuildPhase section */

/* Begin PBXGroup section */
		A7E3ABDF207DDC87005B9B01 = {
			isa = PBXGroup;
			children = (
				A7E3ABEA207DDC87005B9B01 /* MethodSwizzling */,
				A7E3ABE9207DDC87005B9B01 /* Products */,
			);
			sourceTree = "<group>";
		};
		A7E3ABE9207DDC87005B9B01 /* Products */ = {
			isa = PBXGroup;
			children = (
				A7E3ABE8207DDC87005B9B01 /* MethodSwizzling.app */,
			);
			name = Products;
			sourceTree = "<group>";
		};
		A7E3ABEA207DDC87005B9B01 /* MethodSwizzling */ = {
			isa = PBXGroup;
			children = (
				A7E3ABEB207DDC87005B9B01 /* AppDelegate.h */,
				A7E3ABEC207DDC88005B9B01 /* AppDelegate.m */,
				A7E3ABEE207DDC88005B9B01 /* ViewController.h */,
				A7E3ABEF207DDC88005B9B01 /* ViewController.m */,
				A7E3AC15207E0A64005B9B01 /* UIViewController+MethodSwizzling.h */,
				A7E3AC16207E0A64005B9B01 /* UIViewController+MethodSwizzling.m */,
				A7E3AC11207DF7A0005B9B01 /* SwizzlingMethodObject.h */,
				A7E3AC12207DF7A0005B9B01 /* SwizzlingMethodObject.m */,
				A7E3ABF1207DDC88005B9B01 /* Main.storyboard */,
				A7E3ABF4207DDC89005B9B01 /* Assets.xcassets */,
				A7E3ABF6207DDC89005B9B01 /* LaunchScreen.storyboard */,
				A7E3ABF9207DDC89005B9B01 /* Info.plist */,
				A7E3ABFA207DDC89005B9B01 /* main.m */,
			);
			path = MethodSwizzling;
			sourceTree = "<group>";
		};
/* End PBXGroup section */

/* Begin PBXNativeTarget section */
		A7E3ABE7207DDC87005B9B01 /* MethodSwizzling */ = {
			isa = PBXNativeTarget;
			buildConfigurationList = A7E3ABFE207DDC89005B9B01 /* Build configuration list for PBXNativeTarget "MethodSwizzling" */;
			buildPhases = (
				A7E3ABE4207DDC87005B9B01 /* Sources */,
				A7E3ABE5207DDC87005B9B01 /* Frameworks */,
				A7E3ABE6207DDC87005B9B01 /* Resources */,
			);
			buildRules = (
			);
			dependencies = (
			);
			name = MethodSwizzling;
			productName = MethodSwizzling;
			productReference = A7E3ABE8207DDC87005B9B01 /* MethodSwizzling.app */;
			productType = "com.apple.product-type.application";
		};
/* End PBXNativeTarget section */

/* Begin PBXProject section */
		A7E3ABE0207DDC87005B9B01 /* Project object */ = {
			isa = PBXProject;
			attributes = {
				LastUpgradeCheck = 0930;
				ORGANIZATIONNAME = lzackx;
				TargetAttributes = {
					A7E3ABE7207DDC87005B9B01 = {
						CreatedOnToolsVersion = 9.3;
					};
				};
			};
			buildConfigurationList = A7E3ABE3207DDC87005B9B01 /* Build configuration list for PBXProject "MethodSwizzling" */;
			compatibilityVersion = "Xcode 9.3";
			developmentRegion = en;
			hasScannedForEncodings = 0;
			knownRegions = (
				en,
				Base,
			);
			mainGroup = A7E3ABDF207DDC87005B9B01;
			productRefGroup = A7E3ABE9207DDC87005B9B01 /* Products */;
			projectDirPath = "";
			projectRoot = "";
			targets = (
				A7E3ABE7207DDC87005B9B01 /* MethodSwizzling */,
			);
		};
/* End PBXProject section */

/* Begin PBXResourcesBuildPhase section */
		A7E3ABE6207DDC87005B9B01 /* Resources */ = {
			isa = PBXResourcesBuildPhase;
			buildActionMask = 2147483647;
			files = (
				A7E3ABF8207DDC89005B9B01 /* LaunchScreen.storyboard in Resources */,
				A7E3ABF5207DDC89005B9B01 /* Assets.xcassets in Resources */,
				A7E3ABF3207DDC88005B9B01 /* Main.storyboard in Resources */,
			);
			runOnlyForDeploymentPostprocessing = 0;
		};
/* End PBXResourcesBuildPhase section */

/* Begin PBXSourcesBuildPhase section */
		A7E3ABE4207DDC87005B9B01 /* Sources */ = {
			isa = PBXSourcesBuildPhase;
			buildActionMask = 2147483647;
			files = (
				A7E3AC18207E0A64005B9B01 /* UIViewController+MethodSwizzling.m in Sources */,
				A7E3ABF0207DDC88005B9B01 /* ViewController.m in Sources */,
				A7E3ABFB207DDC89005B9B01 /* main.m in Sources */,
				A7E3ABED207DDC88005B9B01 /* AppDelegate.m in Sources */,
				A7E3AC13207DF7A0005B9B01 /* SwizzlingMethodObject.m in Sources */,
			);
			runOnlyForDeploymentPostprocessing = 0;
		};
/* End PBXSourcesBuildPhase section */

/* Begin PBXVariantGroup section */
		A7E3ABF1207DDC88005B9B01 /* Main.storyboard */ = {
			isa = PBXVariantGroup;
			children = (
				A7E3ABF2207DDC88005B9B01 /* Base */,
			);
			name = Main.storyboard;
			sourceTree = "<group>";
		};
		A7E3ABF6207DDC89005B9B01 /* LaunchScreen.storyboard */ = {
			isa = PBXVariantGroup;
			children = (
				A7E3ABF7207DDC89005B9B01 /* Base */,
			);
			name = LaunchScreen.storyboard;
			sourceTree = "<group>";
		};
/* End PBXVariantGroup section */

/* Begin XCBuildConfiguration section */
		A7E3ABFC207DDC89005B9B01 /* Debug */ = {
			isa = XCBuildConfiguration;
			buildSettings = {
				ALWAYS_SEARCH_USER_PATHS = NO;
				CLANG_ANALYZER_NONNULL = YES;
				CLANG_ANALYZER_NUMBER_OBJECT_CONVERSION = YES_AGGRESSIVE;
				CLANG_CXX_LANGUAGE_STANDARD = "gnu++14";
				CLANG_CXX_LIBRARY = "libc++";
				CLANG_ENABLE_MODULES = YES;
				CLANG_ENABLE_OBJC_ARC = YES;
				CLANG_ENABLE_OBJC_WEAK = YES;
				CLANG_WARN_BLOCK_CAPTURE_AUTORELEASING = YES;
				CLANG_WARN_BOOL_CONVERSION = YES;
				CLANG_WARN_COMMA = YES;
				CLANG_WARN_CONSTANT_CONVERSION = YES;
				CLANG_WARN_DEPRECATED_OBJC_IMPLEMENTATIONS = YES;
				CLANG_WARN_DIRECT_OBJC_ISA_USAGE = YES_ERROR;
				CLANG_WARN_DOCUMENTATION_COMMENTS = YES;
				CLANG_WARN_EMPTY_BODY = YES;
				CLANG_WARN_ENUM_CONVERSION = YES;
				CLANG_WARN_INFINITE_RECURSION = YES;
				CLANG_WARN_INT_CONVERSION = YES;
				CLANG_WARN_NON_LITERAL_NULL_CONVERSION = YES;
				CLANG_WARN_OBJC_IMPLICIT_RETAIN_SELF = YES;
				CLANG_WARN_OBJC_LITERAL_CONVERSION = YES;
				CLANG_WARN_OBJC_ROOT_CLASS = YES_ERROR;
				CLANG_WARN_RANGE_LOOP_ANALYSIS = YES;
				CLANG_WARN_STRICT_PROTOTYPES = YES;
				CLANG_WARN_SUSPICIOUS_MOVE = YES;
				CLANG_WARN_UNGUARDED_AVAILABILITY = YES_AGGRESSIVE;
				CLANG_WARN_UNREACHABLE_CODE = YES;
				CLANG_WARN__DUPLICATE_METHOD_MATCH = YES;
				CODE_SIGN_IDENTITY = "iPhone Developer";
				COPY_PHASE_STRIP = NO;
				DEBUG_INFORMATION_FORMAT = dwarf;
				ENABLE_STRICT_OBJC_MSGSEND = YES;
				ENABLE_TESTABILITY = YES;
				GCC_C_LANGUAGE_STANDARD = gnu11;
				GCC_DYNAMIC_NO_PIC = NO;
				GCC_NO_COMMON_BLOCKS = YES;
				GCC_OPTIMIZATION_LEVEL = 0;
				GCC_PREPROCESSOR_DEFINITIONS = (
					"DEBUG=1",
					"$(inherited)",
				);
				GCC_WARN_64_TO_32_BIT_CONVERSION = YES;
				GCC_WARN_ABOUT_RETURN_TYPE = YES_ERROR;
				GCC_WARN_UNDECLARED_SELECTOR = YES;
				GCC_WARN_UNINITIALIZED_AUTOS = YES_AGGRESSIVE;
				GCC_WARN_UNUSED_FUNCTION = YES;
				GCC_WARN_UNUSED_VARIABLE = YES;
				IPHONEOS_DEPLOYMENT_TARGET = 11.3;
				MTL_ENABLE_DEBUG_INFO = YES;
				ONLY_ACTIVE_ARCH = YES;
				SDKROOT = iphoneos;
			};
			name = Debug;
		};
		A7E3ABFD207DDC89005B9B01 /* Release */ = {
			isa = XCBuildConfiguration;
			buildSettings = {
				ALWAYS_SEARCH_USER_PATHS = NO;
				CLANG_ANALYZER_NONNULL = YES;
				CLANG_ANALYZER_NUMBER_OBJECT_CONVERSION = YES_AGGRESSIVE;
				CLANG_CXX_LANGUAGE_STANDARD = "gnu++14";
				CLANG_CXX_LIBRARY = "libc++";
				CLANG_ENABLE_MODULES = YES;
				CLANG_ENABLE_OBJC_ARC = YES;
				CLANG_ENABLE_OBJC_WEAK = YES;
				CLANG_WARN_BLOCK_CAPTURE_AUTORELEASING = YES;
				CLANG_WARN_BOOL_CONVERSION = YES;
				CLANG_WARN_COMMA = YES;
				CLANG_WARN_CONSTANT_CONVERSION = YES;
				CLANG_WARN_DEPRECATED_OBJC_IMPLEMENTATIONS = YES;
				CLANG_WARN_DIRECT_OBJC_ISA_USAGE = YES_ERROR;
				CLANG_WARN_DOCUMENTATION_COMMENTS = YES;
				CLANG_WARN_EMPTY_BODY = YES;
				CLANG_WARN_ENUM_CONVERSION = YES;
				CLANG_WARN_INFINITE_RECURSION = YES;
				CLANG_WARN_INT_CONVERSION = YES;
				CLANG_WARN_NON_LITERAL_NULL_CONVERSION = YES;
				CLANG_WARN_OBJC_IMPLICIT_RETAIN_SELF = YES;
				CLANG_WARN_OBJC_LITERAL_CONVERSION = YES;
				CLANG_WARN_OBJC_ROOT_CLASS = YES_ERROR;
				CLANG_WARN_RANGE_LOOP_ANALYSIS = YES;
				CLANG_WARN_STRICT_PROTOTYPES = YES;
				CLANG_WARN_SUSPICIOUS_MOVE = YES;
				CLANG_WARN_UNGUARDED_AVAILABILITY = YES_AGGRESSIVE;
				CLANG_WARN_UNREACHABLE_CODE = YES;
				CLANG_WARN__DUPLICATE_METHOD_MATCH = YES;
				CODE_SIGN_IDENTITY = "iPhone Developer";
				COPY_PHASE_STRIP = NO;
				DEBUG_INFORMATION_FORMAT = "dwarf-with-dsym";
				ENABLE_NS_ASSERTIONS = NO;
				ENABLE_STRICT_OBJC_MSGSEND = YES;
				GCC_C_LANGUAGE_STANDARD = gnu11;
				GCC_NO_COMMON_BLOCKS = YES;
				GCC_WARN_64_TO_32_BIT_CONVERSION = YES;
				GCC_WARN_ABOUT_RETURN_TYPE = YES_ERROR;
				GCC_WARN_UNDECLARED_SELECTOR = YES;
				GCC_WARN_UNINITIALIZED_AUTOS = YES_AGGRESSIVE;
				GCC_WARN_UNUSED_FUNCTION = YES;
				GCC_WARN_UNUSED_VARIABLE = YES;
				IPHONEOS_DEPLOYMENT_TARGET = 11.3;
				MTL_ENABLE_DEBUG_INFO = NO;
				SDKROOT = iphoneos;
				VALIDATE_PRODUCT = YES;
			};
			name = Release;
		};
		A7E3ABFF207DDC89005B9B01 /* Debug */ = {
			isa = XCBuildConfiguration;
			buildSettings = {
				ASSETCATALOG_COMPILER_APPICON_NAME = AppIcon;
				CODE_SIGN_STYLE = Automatic;
				INFOPLIST_FILE = MethodSwizzling/Info.plist;
				LD_RUNPATH_SEARCH_PATHS = (
					"$(inherited)",
					"@executable_path/Frameworks",
				);
				PRODUCT_BUNDLE_IDENTIFIER = com.lzackx.MethodSwizzling;
				PRODUCT_NAME = "$(TARGET_NAME)";
				TARGETED_DEVICE_FAMILY = "1,2";
			};
			name = Debug;
		};
		A7E3AC00207DDC89005B9B01 /* Release */ = {
			isa = XCBuildConfiguration;
			buildSettings = {
				ASSETCATALOG_COMPILER_APPICON_NAME = AppIcon;
				CODE_SIGN_STYLE = Automatic;
				INFOPLIST_FILE = MethodSwizzling/Info.plist;
				LD_RUNPATH_SEARCH_PATHS = (
					"$(inherited)",
					"@executable_path/Frameworks",
				);
				PRODUCT_BUNDLE_IDENTIFIER = com.lzackx.MethodSwizzling;
				PRODUCT_NAME = "$(TARGET_NAME)";
				TARGETED_DEVICE_FAMILY = "1,2";
			};
			name = Release;
		};
/* End XCBuildConfiguration section */

/* Begin XCConfigurationList section */
		A7E3ABE3207DDC87005B9B01 /* Build configuration list for PBXProject "MethodSwizzling" */ = {
			isa = XCConfigurationList;
			buildConfigurations = (
				A7E3ABFC207DDC89005B9B01 /* Debug */,
				A7E3ABFD207DDC89005B9B01 /* Release */,
			);
			defaultConfigurationIsVisible = 0;
			defaultConfigurationName = Release;
		};
		A7E3ABFE207DDC89005B9B01 /* Build configuration list for PBXNativeTarget "MethodSwizzling" */ = {
			isa = XCConfigurationList;
			buildConfigurations = (
				A7E3ABFF207DDC89005B9B01 /* Debug */,
				A7E3AC00207DDC89005B9B01 /* Release */,
			);
			defaultConfigurationIsVisible = 0;
			defaultConfigurationName = Release;
		};
/* End XCConfigurationList section */
	};
	rootObject = A7E3ABE0207DDC87005B9B01 /* Project object */;
}
