// !$*UTF8*$!
{
	archiveVersion = 1;
	classes = {
	};
	objectVersion = 48;
	objects = {

/* Begin PBXBuildFile section */
		A70E02F02061128200BADCEC /* AppDelegate.m in Sources */ = {isa = PBXBuildFile; fileRef = A70E02EF2061128200BADCEC /* AppDelegate.m */; };
		A70E02F32061128200BADCEC /* ViewController.m in Sources */ = {isa = PBXBuildFile; fileRef = A70E02F22061128200BADCEC /* ViewController.m */; };
		A70E02F62061128200BADCEC /* Main.storyboard in Resources */ = {isa = PBXBuildFile; fileRef = A70E02F42061128200BADCEC /* Main.storyboard */; };
		A70E02F82061128200BADCEC /* Assets.xcassets in Resources */ = {isa = PBXBuildFile; fileRef = A70E02F72061128200BADCEC /* Assets.xcassets */; };
		A70E02FB2061128200BADCEC /* LaunchScreen.storyboard in Resources */ = {isa = PBXBuildFile; fileRef = A70E02F92061128200BADCEC /* LaunchScreen.storyboard */; };
		A70E02FE2061128200BADCEC /* main.m in Sources */ = {isa = PBXBuildFile; fileRef = A70E02FD2061128200BADCEC /* main.m */; };
/* End PBXBuildFile section */

/* Begin PBXFileReference section */
		A70E02EB2061128200BADCEC /* AssemblyLanguage.app */ = {isa = PBXFileReference; explicitFileType = wrapper.application; includeInIndex = 0; path = AssemblyLanguage.app; sourceTree = BUILT_PRODUCTS_DIR; };
		A70E02EE2061128200BADCEC /* AppDelegate.h */ = {isa = PBXFileReference; lastKnownFileType = sourcecode.c.h; path = AppDelegate.h; sourceTree = "<group>"; };
		A70E02EF2061128200BADCEC /* AppDelegate.m */ = {isa = PBXFileReference; lastKnownFileType = sourcecode.c.objc; path = AppDelegate.m; sourceTree = "<group>"; };
		A70E02F12061128200BADCEC /* ViewController.h */ = {isa = PBXFileReference; lastKnownFileType = sourcecode.c.h; path = ViewController.h; sourceTree = "<group>"; };
		A70E02F22061128200BADCEC /* ViewController.m */ = {isa = PBXFileReference; lastKnownFileType = sourcecode.c.objc; path = ViewController.m; sourceTree = "<group>"; };
		A70E02F52061128200BADCEC /* Base */ = {isa = PBXFileReference; lastKnownFileType = file.storyboard; name = Base; path = Base.lproj/Main.storyboard; sourceTree = "<group>"; };
		A70E02F72061128200BADCEC /* Assets.xcassets */ = {isa = PBXFileReference; lastKnownFileType = folder.assetcatalog; path = Assets.xcassets; sourceTree = "<group>"; };
		A70E02FA2061128200BADCEC /* Base */ = {isa = PBXFileReference; lastKnownFileType = file.storyboard; name = Base; path = Base.lproj/LaunchScreen.storyboard; sourceTree = "<group>"; };
		A70E02FC2061128200BADCEC /* Info.plist */ = {isa = PBXFileReference; lastKnownFileType = text.plist.xml; path = Info.plist; sourceTree = "<group>"; };
		A70E02FD2061128200BADCEC /* main.m */ = {isa = PBXFileReference; lastKnownFileType = sourcecode.c.objc; path = main.m; sourceTree = "<group>"; };
/* End PBXFileReference section */

/* Begin PBXFrameworksBuildPhase section */
		A70E02E82061128200BADCEC /* Frameworks */ = {
			isa = PBXFrameworksBuildPhase;
			buildActionMask = 2147483647;
			files = (
			);
			runOnlyForDeploymentPostprocessing = 0;
		};
/* End PBXFrameworksBuildPhase section */

/* Begin PBXGroup section */
		A70E02E22061128200BADCEC = {
			isa = PBXGroup;
			children = (
				A70E02ED2061128200BADCEC /* AssemblyLanguage */,
				A70E02EC2061128200BADCEC /* Products */,
			);
			sourceTree = "<group>";
		};
		A70E02EC2061128200BADCEC /* Products */ = {
			isa = PBXGroup;
			children = (
				A70E02EB2061128200BADCEC /* AssemblyLanguage.app */,
			);
			name = Products;
			sourceTree = "<group>";
		};
		A70E02ED2061128200BADCEC /* AssemblyLanguage */ = {
			isa = PBXGroup;
			children = (
				A70E02EE2061128200BADCEC /* AppDelegate.h */,
				A70E02EF2061128200BADCEC /* AppDelegate.m */,
				A70E02F12061128200BADCEC /* ViewController.h */,
				A70E02F22061128200BADCEC /* ViewController.m */,
				A70E02F42061128200BADCEC /* Main.storyboard */,
				A70E02F72061128200BADCEC /* Assets.xcassets */,
				A70E02F92061128200BADCEC /* LaunchScreen.storyboard */,
				A70E02FC2061128200BADCEC /* Info.plist */,
				A70E02FD2061128200BADCEC /* main.m */,
			);
			path = AssemblyLanguage;
			sourceTree = "<group>";
		};
/* End PBXGroup section */

/* Begin PBXNativeTarget section */
		A70E02EA2061128200BADCEC /* AssemblyLanguage */ = {
			isa = PBXNativeTarget;
			buildConfigurationList = A70E03012061128200BADCEC /* Build configuration list for PBXNativeTarget "AssemblyLanguage" */;
			buildPhases = (
				A70E02E72061128200BADCEC /* Sources */,
				A70E02E82061128200BADCEC /* Frameworks */,
				A70E02E92061128200BADCEC /* Resources */,
			);
			buildRules = (
			);
			dependencies = (
			);
			name = AssemblyLanguage;
			productName = AssemblyLanguage;
			productReference = A70E02EB2061128200BADCEC /* AssemblyLanguage.app */;
			productType = "com.apple.product-type.application";
		};
/* End PBXNativeTarget section */

/* Begin PBXProject section */
		A70E02E32061128200BADCEC /* Project object */ = {
			isa = PBXProject;
			attributes = {
				LastUpgradeCheck = 0920;
				ORGANIZATIONNAME = lzackx;
				TargetAttributes = {
					A70E02EA2061128200BADCEC = {
						CreatedOnToolsVersion = 9.2;
						ProvisioningStyle = Automatic;
					};
				};
			};
			buildConfigurationList = A70E02E62061128200BADCEC /* Build configuration list for PBXProject "AssemblyLanguage" */;
			compatibilityVersion = "Xcode 8.0";
			developmentRegion = en;
			hasScannedForEncodings = 0;
			knownRegions = (
				en,
				Base,
			);
			mainGroup = A70E02E22061128200BADCEC;
			productRefGroup = A70E02EC2061128200BADCEC /* Products */;
			projectDirPath = "";
			projectRoot = "";
			targets = (
				A70E02EA2061128200BADCEC /* AssemblyLanguage */,
			);
		};
/* End PBXProject section */

/* Begin PBXResourcesBuildPhase section */
		A70E02E92061128200BADCEC /* Resources */ = {
			isa = PBXResourcesBuildPhase;
			buildActionMask = 2147483647;
			files = (
				A70E02FB2061128200BADCEC /* LaunchScreen.storyboard in Resources */,
				A70E02F82061128200BADCEC /* Assets.xcassets in Resources */,
				A70E02F62061128200BADCEC /* Main.storyboard in Resources */,
			);
			runOnlyForDeploymentPostprocessing = 0;
		};
/* End PBXResourcesBuildPhase section */

/* Begin PBXSourcesBuildPhase section */
		A70E02E72061128200BADCEC /* Sources */ = {
			isa = PBXSourcesBuildPhase;
			buildActionMask = 2147483647;
			files = (
				A70E02F32061128200BADCEC /* ViewController.m in Sources */,
				A70E02FE2061128200BADCEC /* main.m in Sources */,
				A70E02F02061128200BADCEC /* AppDelegate.m in Sources */,
			);
			runOnlyForDeploymentPostprocessing = 0;
		};
/* End PBXSourcesBuildPhase section */

/* Begin PBXVariantGroup section */
		A70E02F42061128200BADCEC /* Main.storyboard */ = {
			isa = PBXVariantGroup;
			children = (
				A70E02F52061128200BADCEC /* Base */,
			);
			name = Main.storyboard;
			sourceTree = "<group>";
		};
		A70E02F92061128200BADCEC /* LaunchScreen.storyboard */ = {
			isa = PBXVariantGroup;
			children = (
				A70E02FA2061128200BADCEC /* Base */,
			);
			name = LaunchScreen.storyboard;
			sourceTree = "<group>";
		};
/* End PBXVariantGroup section */

/* Begin XCBuildConfiguration section */
		A70E02FF2061128200BADCEC /* Debug */ = {
			isa = XCBuildConfiguration;
			buildSettings = {
				ALWAYS_SEARCH_USER_PATHS = NO;
				CLANG_ANALYZER_NONNULL = YES;
				CLANG_ANALYZER_NUMBER_OBJECT_CONVERSION = YES_AGGRESSIVE;
				CLANG_CXX_LANGUAGE_STANDARD = "gnu++14";
				CLANG_CXX_LIBRARY = "libc++";
				CLANG_ENABLE_MODULES = YES;
				CLANG_ENABLE_OBJC_ARC = YES;
				CLANG_WARN_BLOCK_CAPTURE_AUTORELEASING = YES;
				CLANG_WARN_BOOL_CONVERSION = YES;
				CLANG_WARN_COMMA = YES;
				CLANG_WARN_CONSTANT_CONVERSION = YES;
				CLANG_WARN_DIRECT_OBJC_ISA_USAGE = YES_ERROR;
				CLANG_WARN_DOCUMENTATION_COMMENTS = YES;
				CLANG_WARN_EMPTY_BODY = YES;
				CLANG_WARN_ENUM_CONVERSION = YES;
				CLANG_WARN_INFINITE_RECURSION = YES;
				CLANG_WARN_INT_CONVERSION = YES;
				CLANG_WARN_NON_LITERAL_NULL_CONVERSION = YES;
				CLANG_WARN_OBJC_LITERAL_CONVERSION = YES;
				CLANG_WARN_OBJC_ROOT_CLASS = YES_ERROR;
				CLANG_WARN_RANGE_LOOP_ANALYSIS = YES;
				CLANG_WARN_STRICT_PROTOTYPES = YES;
				CLANG_WARN_SUSPICIOUS_MOVE = YES;
				CLANG_WARN_UNGUARDED_AVAILABILITY = YES_AGGRESSIVE;
				CLANG_WARN_UNREACHABLE_CODE = YES;
				CLANG_WARN__DUPLICATE_METHOD_MATCH = YES;
				CODE_SIGN_IDENTITY = "iPhone Developer";
				COPY_PHASE_STRIP = NO;
				DEBUG_INFORMATION_FORMAT = dwarf;
				ENABLE_STRICT_OBJC_MSGSEND = YES;
				ENABLE_TESTABILITY = YES;
				GCC_C_LANGUAGE_STANDARD = gnu11;
				GCC_DYNAMIC_NO_PIC = NO;
				GCC_NO_COMMON_BLOCKS = YES;
				GCC_OPTIMIZATION_LEVEL = 0;
				GCC_PREPROCESSOR_DEFINITIONS = (
					"DEBUG=1",
					"$(inherited)",
				);
				GCC_WARN_64_TO_32_BIT_CONVERSION = YES;
				GCC_WARN_ABOUT_RETURN_TYPE = YES_ERROR;
				GCC_WARN_UNDECLARED_SELECTOR = YES;
				GCC_WARN_UNINITIALIZED_AUTOS = YES_AGGRESSIVE;
				GCC_WARN_UNUSED_FUNCTION = YES;
				GCC_WARN_UNUSED_VARIABLE = YES;
				IPHONEOS_DEPLOYMENT_TARGET = 11.2;
				MTL_ENABLE_DEBUG_INFO = YES;
				ONLY_ACTIVE_ARCH = YES;
				SDKROOT = iphoneos;
			};
			name = Debug;
		};
		A70E03002061128200BADCEC /* Release */ = {
			isa = XCBuildConfiguration;
			buildSettings = {
				ALWAYS_SEARCH_USER_PATHS = NO;
				CLANG_ANALYZER_NONNULL = YES;
				CLANG_ANALYZER_NUMBER_OBJECT_CONVERSION = YES_AGGRESSIVE;
				CLANG_CXX_LANGUAGE_STANDARD = "gnu++14";
				CLANG_CXX_LIBRARY = "libc++";
				CLANG_ENABLE_MODULES = YES;
				CLANG_ENABLE_OBJC_ARC = YES;
				CLANG_WARN_BLOCK_CAPTURE_AUTORELEASING = YES;
				CLANG_WARN_BOOL_CONVERSION = YES;
				CLANG_WARN_COMMA = YES;
				CLANG_WARN_CONSTANT_CONVERSION = YES;
				CLANG_WARN_DIRECT_OBJC_ISA_USAGE = YES_ERROR;
				CLANG_WARN_DOCUMENTATION_COMMENTS = YES;
				CLANG_WARN_EMPTY_BODY = YES;
				CLANG_WARN_ENUM_CONVERSION = YES;
				CLANG_WARN_INFINITE_RECURSION = YES;
				CLANG_WARN_INT_CONVERSION = YES;
				CLANG_WARN_NON_LITERAL_NULL_CONVERSION = YES;
				CLANG_WARN_OBJC_LITERAL_CONVERSION = YES;
				CLANG_WARN_OBJC_ROOT_CLASS = YES_ERROR;
				CLANG_WARN_RANGE_LOOP_ANALYSIS = YES;
				CLANG_WARN_STRICT_PROTOTYPES = YES;
				CLANG_WARN_SUSPICIOUS_MOVE = YES;
				CLANG_WARN_UNGUARDED_AVAILABILITY = YES_AGGRESSIVE;
				CLANG_WARN_UNREACHABLE_CODE = YES;
				CLANG_WARN__DUPLICATE_METHOD_MATCH = YES;
				CODE_SIGN_IDENTITY = "iPhone Developer";
				COPY_PHASE_STRIP = NO;
				DEBUG_INFORMATION_FORMAT = "dwarf-with-dsym";
				ENABLE_NS_ASSERTIONS = NO;
				ENABLE_STRICT_OBJC_MSGSEND = YES;
				GCC_C_LANGUAGE_STANDARD = gnu11;
				GCC_NO_COMMON_BLOCKS = YES;
				GCC_WARN_64_TO_32_BIT_CONVERSION = YES;
				GCC_WARN_ABOUT_RETURN_TYPE = YES_ERROR;
				GCC_WARN_UNDECLARED_SELECTOR = YES;
				GCC_WARN_UNINITIALIZED_AUTOS = YES_AGGRESSIVE;
				GCC_WARN_UNUSED_FUNCTION = YES;
				GCC_WARN_UNUSED_VARIABLE = YES;
				IPHONEOS_DEPLOYMENT_TARGET = 11.2;
				MTL_ENABLE_DEBUG_INFO = NO;
				SDKROOT = iphoneos;
				VALIDATE_PRODUCT = YES;
			};
			name = Release;
		};
		A70E03022061128200BADCEC /* Debug */ = {
			isa = XCBuildConfiguration;
			buildSettings = {
				ASSETCATALOG_COMPILER_APPICON_NAME = AppIcon;
				CODE_SIGN_STYLE = Automatic;
				GCC_C_LANGUAGE_STANDARD = gnu99;
				INFOPLIST_FILE = AssemblyLanguage/Info.plist;
				LD_RUNPATH_SEARCH_PATHS = "$(inherited) @executable_path/Frameworks";
				PRODUCT_BUNDLE_IDENTIFIER = com.lzackx.AssemblyLanguage;
				PRODUCT_NAME = "$(TARGET_NAME)";
				TARGETED_DEVICE_FAMILY = "1,2";
			};
			name = Debug;
		};
		A70E03032061128200BADCEC /* Release */ = {
			isa = XCBuildConfiguration;
			buildSettings = {
				ASSETCATALOG_COMPILER_APPICON_NAME = AppIcon;
				CODE_SIGN_STYLE = Automatic;
				GCC_C_LANGUAGE_STANDARD = gnu99;
				INFOPLIST_FILE = AssemblyLanguage/Info.plist;
				LD_RUNPATH_SEARCH_PATHS = "$(inherited) @executable_path/Frameworks";
				PRODUCT_BUNDLE_IDENTIFIER = com.lzackx.AssemblyLanguage;
				PRODUCT_NAME = "$(TARGET_NAME)";
				TARGETED_DEVICE_FAMILY = "1,2";
			};
			name = Release;
		};
/* End XCBuildConfiguration section */

/* Begin XCConfigurationList section */
		A70E02E62061128200BADCEC /* Build configuration list for PBXProject "AssemblyLanguage" */ = {
			isa = XCConfigurationList;
			buildConfigurations = (
				A70E02FF2061128200BADCEC /* Debug */,
				A70E03002061128200BADCEC /* Release */,
			);
			defaultConfigurationIsVisible = 0;
			defaultConfigurationName = Release;
		};
		A70E03012061128200BADCEC /* Build configuration list for PBXNativeTarget "AssemblyLanguage" */ = {
			isa = XCConfigurationList;
			buildConfigurations = (
				A70E03022061128200BADCEC /* Debug */,
				A70E03032061128200BADCEC /* Release */,
			);
			defaultConfigurationIsVisible = 0;
			defaultConfigurationName = Release;
		};
/* End XCConfigurationList section */
	};
	rootObject = A70E02E32061128200BADCEC /* Project object */;
}
